
Microsoft Visual Studio Solution File, Format Version 12.00
# Visual Studio 2013
VisualStudioVersion = 12.0.31101.0
MinimumVisualStudioVersion = 10.0.40219.1
Project("{FAE04EC0-301F-11D3-BF4B-00C04F79EFBC}") = "MeusContatos", "MeusContatos\MeusContatos.csproj", "{06A08599-D395-4437-8A7A-AF118B904E4D}"
EndProject
Project("{FAE04EC0-301F-11D3-BF4B-00C04F79EFBC}") = "MeusContatosConsole", "MeusContatosConsole\MeusContatosConsole.csproj", "{B2C06549-A99D-440E-8D09-AEAD51881AC2}"
EndProject
Global
	GlobalSection(SolutionConfigurationPlatforms) = preSolution
		Debug|Any CPU = Debug|Any CPU
		Release|Any CPU = Release|Any CPU
	EndGlobalSection
	GlobalSection(ProjectConfigurationPlatforms) = postSolution
		{06A08599-D395-4437-8A7A-AF118B904E4D}.Debug|Any CPU.ActiveCfg = Debug|Any CPU
		{06A08599-D395-4437-8A7A-AF118B904E4D}.Debug|Any CPU.Build.0 = Debug|Any CPU
		{06A08599-D395-4437-8A7A-AF118B904E4D}.Release|Any CPU.ActiveCfg = Release|Any CPU
		{06A08599-D395-4437-8A7A-AF118B904E4D}.Release|Any CPU.Build.0 = Release|Any CPU
		{B2C06549-A99D-440E-8D09-AEAD51881AC2}.Debug|Any CPU.ActiveCfg = Debug|Any CPU
		{B2C06549-A99D-440E-8D09-AEAD51881AC2}.Debug|Any CPU.Build.0 = Debug|Any CPU
		{B2C06549-A99D-440E-8D09-AEAD51881AC2}.Release|Any CPU.ActiveCfg = Release|Any CPU
		{B2C06549-A99D-440E-8D09-AEAD51881AC2}.Release|Any CPU.Build.0 = Release|Any CPU
	EndGlobalSection
	GlobalSection(SolutionProperties) = preSolution
		HideSolutionNode = FALSE
	EndGlobalSection
EndGlobal
